
Microsoft Visual Studio Solution File, Format Version 12.00
# Visual Studio Version 17
VisualStudioVersion = 17.14.36401.2 d17.14
MinimumVisualStudioVersion = 10.0.40219.1
Project("{FAE04EC0-301F-11D3-BF4B-00C04F79EFBC}") = "FileInputOutputOperations", "FileInputOutputOperations.csproj", "{C9425A6E-FD86-4DC2-AE36-CE986770A642}"
EndProject
Global
	GlobalSection(SolutionConfigurationPlatforms) = preSolution
		Debug|Any CPU = Debug|Any CPU
		Release|Any CPU = Release|Any CPU
	EndGlobalSection
	GlobalSection(ProjectConfigurationPlatforms) = postSolution
		{C9425A6E-FD86-4DC2-AE36-CE986770A642}.Debug|Any CPU.ActiveCfg = Debug|Any CPU
		{C9425A6E-FD86-4DC2-AE36-CE986770A642}.Debug|Any CPU.Build.0 = Debug|Any CPU
		{C9425A6E-FD86-4DC2-AE36-CE986770A642}.Release|Any CPU.ActiveCfg = Release|Any CPU
		{C9425A6E-FD86-4DC2-AE36-CE986770A642}.Release|Any CPU.Build.0 = Release|Any CPU
	EndGlobalSection
	GlobalSection(SolutionProperties) = preSolution
		HideSolutionNode = FALSE
	EndGlobalSection
	GlobalSection(ExtensibilityGlobals) = postSolution
		SolutionGuid = {54EE3895-38F1-4C7D-9DC7-BC04EB67E7D6}
	EndGlobalSection
EndGlobal
